
Microsoft Visual Studio Solution File, Format Version 12.00
# Visual Studio Version 16
VisualStudioVersion = 16.0.31702.278
MinimumVisualStudioVersion = 10.0.40219.1
Project("{9A19103F-16F7-4668-BE54-9A1E7A4F7556}") = "cSharpCourseKodlamaIo", "cSharpCourseKodlamaIo\cSharpCourseKodlamaIo.csproj", "{D2FEA2FB-5619-49B7-8C9A-924596D4D5E2}"
EndProject
Project("{9A19103F-16F7-4668-BE54-9A1E7A4F7556}") = "Loops", "Loops\Loops.csproj", "{C28EBD15-5385-4325-BDB3-BB1283BE8D8C}"
EndProject
Project("{9A19103F-16F7-4668-BE54-9A1E7A4F7556}") = "ClassIntro", "ClassIntro\ClassIntro.csproj", "{F955BEB8-E779-4275-948E-855FA5804A14}"
EndProject
Project("{9A19103F-16F7-4668-BE54-9A1E7A4F7556}") = "TernaryOperatoru", "TernaryOperatoru\TernaryOperatoru.csproj", "{B7028415-FE00-40F4-B744-93ED99519ABF}"
EndProject
Project("{9A19103F-16F7-4668-BE54-9A1E7A4F7556}") = "ProductList", "ProductList\ProductList.csproj", "{3FFF084C-A8E2-4EC4-A2FE-AA8482E59D7D}"
EndProject
Project("{2150E333-8FDC-42A3-9474-1A3956D46DE8}") = "Day2", "Day2", "{33165336-33B3-447C-BF17-41E341A32662}"
EndProject
Project("{2150E333-8FDC-42A3-9474-1A3956D46DE8}") = "Day3", "Day3", "{2ECC0542-21A6-4733-8BD8-E7B5B0A2B458}"
EndProject
Project("{9A19103F-16F7-4668-BE54-9A1E7A4F7556}") = "Methots", "Methots\Methots.csproj", "{60BCBBBE-D032-41D7-AA9A-58D1047F3AE7}"
EndProject
Project("{9A19103F-16F7-4668-BE54-9A1E7A4F7556}") = "Methots2", "Methots2\Methots2.csproj", "{82AFE3EC-0947-4C6B-9F31-2CE6B5A7A972}"
EndProject
Project("{9A19103F-16F7-4668-BE54-9A1E7A4F7556}") = "DortIslem", "DortIslem\DortIslem.csproj", "{BFCE02B3-4909-4FB9-A195-4E04F3E8E1C0}"
EndProject
Project("{9A19103F-16F7-4668-BE54-9A1E7A4F7556}") = "DegerVeReferansTipler", "DegerVeReferansTipler\DegerVeReferansTipler.csproj", "{5875198D-8EDD-4BDB-BF08-B070D8DB2942}"
EndProject
Project("{2150E333-8FDC-42A3-9474-1A3956D46DE8}") = "Day4", "Day4", "{A98B1412-7359-4211-8B55-C2D6E797E887}"
EndProject
Project("{9A19103F-16F7-4668-BE54-9A1E7A4F7556}") = "ClassMetotDemo", "ClassMetotDemo\ClassMetotDemo.csproj", "{FC72E6A9-3151-495E-A0EF-C955251E2B14}"
EndProject
Project("{9A19103F-16F7-4668-BE54-9A1E7A4F7556}") = "ReferenceTypesHomework1", "ReferenceTypesHomework1\ReferenceTypesHomework1.csproj", "{E56ECD02-379B-4CF9-9A14-F8B761AF2078}"
EndProject
Project("{9A19103F-16F7-4668-BE54-9A1E7A4F7556}") = "OOP1", "OOP1\OOP1.csproj", "{EC912031-1404-413C-B036-ABBC77380811}"
EndProject
Project("{9A19103F-16F7-4668-BE54-9A1E7A4F7556}") = "GenericsIntro", "GenericsIntro\GenericsIntro.csproj", "{7D28F494-7910-4A16-9297-20B231CE9D0B}"
EndProject
Project("{FAE04EC0-301F-11D3-BF4B-00C04F79EFBC}") = "Homework2Constructor", "Homework2Constructor\Homework2Constructor.csproj", "{3320FB43-3AEE-47B3-8E31-6C3DA031CDDA}"
EndProject
Project("{FAE04EC0-301F-11D3-BF4B-00C04F79EFBC}") = "HomeWork3Generics", "HomeWork3Generics\HomeWork3Generics.csproj", "{51A0A3D4-547E-4126-B301-0B6F904960F9}"
EndProject
Project("{FAE04EC0-301F-11D3-BF4B-00C04F79EFBC}") = "HomeWork5Dictionarys", "HomeWork4Dictionarys\HomeWork5Dictionarys.csproj", "{522751ED-A6C1-41FA-A057-0C81014B946E}"
EndProject
Project("{2150E333-8FDC-42A3-9474-1A3956D46DE8}") = "Day5", "Day5", "{8344B0E5-F27F-4039-8E98-E5957D64B0E2}"
EndProject
Project("{FAE04EC0-301F-11D3-BF4B-00C04F79EFBC}") = "OOP2", "OOP2\OOP2.csproj", "{5351D080-77E0-472B-9E76-D2A83DE7C315}"
EndProject
Project("{FAE04EC0-301F-11D3-BF4B-00C04F79EFBC}") = "OOP3", "OOP3\OOP3.csproj", "{9C074758-B4C8-4068-A322-D7734C4404E9}"
EndProject
Global
	GlobalSection(SolutionConfigurationPlatforms) = preSolution
		Debug|Any CPU = Debug|Any CPU
		Release|Any CPU = Release|Any CPU
	EndGlobalSection
	GlobalSection(ProjectConfigurationPlatforms) = postSolution
		{D2FEA2FB-5619-49B7-8C9A-924596D4D5E2}.Debug|Any CPU.ActiveCfg = Debug|Any CPU
		{D2FEA2FB-5619-49B7-8C9A-924596D4D5E2}.Debug|Any CPU.Build.0 = Debug|Any CPU
		{D2FEA2FB-5619-49B7-8C9A-924596D4D5E2}.Release|Any CPU.ActiveCfg = Release|Any CPU
		{D2FEA2FB-5619-49B7-8C9A-924596D4D5E2}.Release|Any CPU.Build.0 = Release|Any CPU
		{C28EBD15-5385-4325-BDB3-BB1283BE8D8C}.Debug|Any CPU.ActiveCfg = Debug|Any CPU
		{C28EBD15-5385-4325-BDB3-BB1283BE8D8C}.Debug|Any CPU.Build.0 = Debug|Any CPU
		{C28EBD15-5385-4325-BDB3-BB1283BE8D8C}.Release|Any CPU.ActiveCfg = Release|Any CPU
		{C28EBD15-5385-4325-BDB3-BB1283BE8D8C}.Release|Any CPU.Build.0 = Release|Any CPU
		{F955BEB8-E779-4275-948E-855FA5804A14}.Debug|Any CPU.ActiveCfg = Debug|Any CPU
		{F955BEB8-E779-4275-948E-855FA5804A14}.Debug|Any CPU.Build.0 = Debug|Any CPU
		{F955BEB8-E779-4275-948E-855FA5804A14}.Release|Any CPU.ActiveCfg = Release|Any CPU
		{F955BEB8-E779-4275-948E-855FA5804A14}.Release|Any CPU.Build.0 = Release|Any CPU
		{B7028415-FE00-40F4-B744-93ED99519ABF}.Debug|Any CPU.ActiveCfg = Debug|Any CPU
		{B7028415-FE00-40F4-B744-93ED99519ABF}.Debug|Any CPU.Build.0 = Debug|Any CPU
		{B7028415-FE00-40F4-B744-93ED99519ABF}.Release|Any CPU.ActiveCfg = Release|Any CPU
		{B7028415-FE00-40F4-B744-93ED99519ABF}.Release|Any CPU.Build.0 = Release|Any CPU
		{3FFF084C-A8E2-4EC4-A2FE-AA8482E59D7D}.Debug|Any CPU.ActiveCfg = Debug|Any CPU
		{3FFF084C-A8E2-4EC4-A2FE-AA8482E59D7D}.Debug|Any CPU.Build.0 = Debug|Any CPU
		{3FFF084C-A8E2-4EC4-A2FE-AA8482E59D7D}.Release|Any CPU.ActiveCfg = Release|Any CPU
		{3FFF084C-A8E2-4EC4-A2FE-AA8482E59D7D}.Release|Any CPU.Build.0 = Release|Any CPU
		{60BCBBBE-D032-41D7-AA9A-58D1047F3AE7}.Debug|Any CPU.ActiveCfg = Debug|Any CPU
		{60BCBBBE-D032-41D7-AA9A-58D1047F3AE7}.Debug|Any CPU.Build.0 = Debug|Any CPU
		{60BCBBBE-D032-41D7-AA9A-58D1047F3AE7}.Release|Any CPU.ActiveCfg = Release|Any CPU
		{60BCBBBE-D032-41D7-AA9A-58D1047F3AE7}.Release|Any CPU.Build.0 = Release|Any CPU
		{82AFE3EC-0947-4C6B-9F31-2CE6B5A7A972}.Debug|Any CPU.ActiveCfg = Debug|Any CPU
		{82AFE3EC-0947-4C6B-9F31-2CE6B5A7A972}.Debug|Any CPU.Build.0 = Debug|Any CPU
		{82AFE3EC-0947-4C6B-9F31-2CE6B5A7A972}.Release|Any CPU.ActiveCfg = Release|Any CPU
		{82AFE3EC-0947-4C6B-9F31-2CE6B5A7A972}.Release|Any CPU.Build.0 = Release|Any CPU
		{BFCE02B3-4909-4FB9-A195-4E04F3E8E1C0}.Debug|Any CPU.ActiveCfg = Debug|Any CPU
		{BFCE02B3-4909-4FB9-A195-4E04F3E8E1C0}.Debug|Any CPU.Build.0 = Debug|Any CPU
		{BFCE02B3-4909-4FB9-A195-4E04F3E8E1C0}.Release|Any CPU.ActiveCfg = Release|Any CPU
		{BFCE02B3-4909-4FB9-A195-4E04F3E8E1C0}.Release|Any CPU.Build.0 = Release|Any CPU
		{5875198D-8EDD-4BDB-BF08-B070D8DB2942}.Debug|Any CPU.ActiveCfg = Debug|Any CPU
		{5875198D-8EDD-4BDB-BF08-B070D8DB2942}.Debug|Any CPU.Build.0 = Debug|Any CPU
		{5875198D-8EDD-4BDB-BF08-B070D8DB2942}.Release|Any CPU.ActiveCfg = Release|Any CPU
		{5875198D-8EDD-4BDB-BF08-B070D8DB2942}.Release|Any CPU.Build.0 = Release|Any CPU
		{FC72E6A9-3151-495E-A0EF-C955251E2B14}.Debug|Any CPU.ActiveCfg = Debug|Any CPU
		{FC72E6A9-3151-495E-A0EF-C955251E2B14}.Debug|Any CPU.Build.0 = Debug|Any CPU
		{FC72E6A9-3151-495E-A0EF-C955251E2B14}.Release|Any CPU.ActiveCfg = Release|Any CPU
		{FC72E6A9-3151-495E-A0EF-C955251E2B14}.Release|Any CPU.Build.0 = Release|Any CPU
		{E56ECD02-379B-4CF9-9A14-F8B761AF2078}.Debug|Any CPU.ActiveCfg = Debug|Any CPU
		{E56ECD02-379B-4CF9-9A14-F8B761AF2078}.Debug|Any CPU.Build.0 = Debug|Any CPU
		{E56ECD02-379B-4CF9-9A14-F8B761AF2078}.Release|Any CPU.ActiveCfg = Release|Any CPU
		{E56ECD02-379B-4CF9-9A14-F8B761AF2078}.Release|Any CPU.Build.0 = Release|Any CPU
		{EC912031-1404-413C-B036-ABBC77380811}.Debug|Any CPU.ActiveCfg = Debug|Any CPU
		{EC912031-1404-413C-B036-ABBC77380811}.Debug|Any CPU.Build.0 = Debug|Any CPU
		{EC912031-1404-413C-B036-ABBC77380811}.Release|Any CPU.ActiveCfg = Release|Any CPU
		{EC912031-1404-413C-B036-ABBC77380811}.Release|Any CPU.Build.0 = Release|Any CPU
		{7D28F494-7910-4A16-9297-20B231CE9D0B}.Debug|Any CPU.ActiveCfg = Debug|Any CPU
		{7D28F494-7910-4A16-9297-20B231CE9D0B}.Debug|Any CPU.Build.0 = Debug|Any CPU
		{7D28F494-7910-4A16-9297-20B231CE9D0B}.Release|Any CPU.ActiveCfg = Release|Any CPU
		{7D28F494-7910-4A16-9297-20B231CE9D0B}.Release|Any CPU.Build.0 = Release|Any CPU
		{3320FB43-3AEE-47B3-8E31-6C3DA031CDDA}.Debug|Any CPU.ActiveCfg = Debug|Any CPU
		{3320FB43-3AEE-47B3-8E31-6C3DA031CDDA}.Debug|Any CPU.Build.0 = Debug|Any CPU
		{3320FB43-3AEE-47B3-8E31-6C3DA031CDDA}.Release|Any CPU.ActiveCfg = Release|Any CPU
		{3320FB43-3AEE-47B3-8E31-6C3DA031CDDA}.Release|Any CPU.Build.0 = Release|Any CPU
		{51A0A3D4-547E-4126-B301-0B6F904960F9}.Debug|Any CPU.ActiveCfg = Debug|Any CPU
		{51A0A3D4-547E-4126-B301-0B6F904960F9}.Debug|Any CPU.Build.0 = Debug|Any CPU
		{51A0A3D4-547E-4126-B301-0B6F904960F9}.Release|Any CPU.ActiveCfg = Release|Any CPU
		{51A0A3D4-547E-4126-B301-0B6F904960F9}.Release|Any CPU.Build.0 = Release|Any CPU
		{522751ED-A6C1-41FA-A057-0C81014B946E}.Debug|Any CPU.ActiveCfg = Debug|Any CPU
		{522751ED-A6C1-41FA-A057-0C81014B946E}.Debug|Any CPU.Build.0 = Debug|Any CPU
		{522751ED-A6C1-41FA-A057-0C81014B946E}.Release|Any CPU.ActiveCfg = Release|Any CPU
		{522751ED-A6C1-41FA-A057-0C81014B946E}.Release|Any CPU.Build.0 = Release|Any CPU
		{5351D080-77E0-472B-9E76-D2A83DE7C315}.Debug|Any CPU.ActiveCfg = Debug|Any CPU
		{5351D080-77E0-472B-9E76-D2A83DE7C315}.Debug|Any CPU.Build.0 = Debug|Any CPU
		{5351D080-77E0-472B-9E76-D2A83DE7C315}.Release|Any CPU.ActiveCfg = Release|Any CPU
		{5351D080-77E0-472B-9E76-D2A83DE7C315}.Release|Any CPU.Build.0 = Release|Any CPU
		{9C074758-B4C8-4068-A322-D7734C4404E9}.Debug|Any CPU.ActiveCfg = Debug|Any CPU
		{9C074758-B4C8-4068-A322-D7734C4404E9}.Debug|Any CPU.Build.0 = Debug|Any CPU
		{9C074758-B4C8-4068-A322-D7734C4404E9}.Release|Any CPU.ActiveCfg = Release|Any CPU
		{9C074758-B4C8-4068-A322-D7734C4404E9}.Release|Any CPU.Build.0 = Release|Any CPU
	EndGlobalSection
	GlobalSection(SolutionProperties) = preSolution
		HideSolutionNode = FALSE
	EndGlobalSection
	GlobalSection(NestedProjects) = preSolution
		{D2FEA2FB-5619-49B7-8C9A-924596D4D5E2} = {33165336-33B3-447C-BF17-41E341A32662}
		{C28EBD15-5385-4325-BDB3-BB1283BE8D8C} = {33165336-33B3-447C-BF17-41E341A32662}
		{F955BEB8-E779-4275-948E-855FA5804A14} = {33165336-33B3-447C-BF17-41E341A32662}
		{B7028415-FE00-40F4-B744-93ED99519ABF} = {33165336-33B3-447C-BF17-41E341A32662}
		{3FFF084C-A8E2-4EC4-A2FE-AA8482E59D7D} = {33165336-33B3-447C-BF17-41E341A32662}
		{60BCBBBE-D032-41D7-AA9A-58D1047F3AE7} = {2ECC0542-21A6-4733-8BD8-E7B5B0A2B458}
		{82AFE3EC-0947-4C6B-9F31-2CE6B5A7A972} = {2ECC0542-21A6-4733-8BD8-E7B5B0A2B458}
		{BFCE02B3-4909-4FB9-A195-4E04F3E8E1C0} = {2ECC0542-21A6-4733-8BD8-E7B5B0A2B458}
		{5875198D-8EDD-4BDB-BF08-B070D8DB2942} = {2ECC0542-21A6-4733-8BD8-E7B5B0A2B458}
		{FC72E6A9-3151-495E-A0EF-C955251E2B14} = {2ECC0542-21A6-4733-8BD8-E7B5B0A2B458}
		{E56ECD02-379B-4CF9-9A14-F8B761AF2078} = {A98B1412-7359-4211-8B55-C2D6E797E887}
		{EC912031-1404-413C-B036-ABBC77380811} = {A98B1412-7359-4211-8B55-C2D6E797E887}
		{7D28F494-7910-4A16-9297-20B231CE9D0B} = {A98B1412-7359-4211-8B55-C2D6E797E887}
		{3320FB43-3AEE-47B3-8E31-6C3DA031CDDA} = {A98B1412-7359-4211-8B55-C2D6E797E887}
		{51A0A3D4-547E-4126-B301-0B6F904960F9} = {A98B1412-7359-4211-8B55-C2D6E797E887}
		{522751ED-A6C1-41FA-A057-0C81014B946E} = {A98B1412-7359-4211-8B55-C2D6E797E887}
		{5351D080-77E0-472B-9E76-D2A83DE7C315} = {8344B0E5-F27F-4039-8E98-E5957D64B0E2}
		{9C074758-B4C8-4068-A322-D7734C4404E9} = {8344B0E5-F27F-4039-8E98-E5957D64B0E2}
	EndGlobalSection
	GlobalSection(ExtensibilityGlobals) = postSolution
		SolutionGuid = {F232BFBB-E0F8-489F-A355-F5E3D0B50E82}
	EndGlobalSection
EndGlobal
